// !$*UTF8*$!
{
	archiveVersion = 1;
	classes = {
	};
	objectVersion = 56;
	objects = {

/* Begin PBXBuildFile section */
		A1000001001 /* FastingTimerProApp.swift in Sources */ = {isa = PBXBuildFile; fileRef = A1000002001 /* FastingTimerProApp.swift */; };
		A1000001002 /* DashboardView.swift in Sources */ = {isa = PBXBuildFile; fileRef = A1000002002 /* DashboardView.swift */; };
		A1000001003 /* FastingSession.swift in Sources */ = {isa = PBXBuildFile; fileRef = A1000002003 /* FastingSession.swift */; };
		A1000001004 /* FastingSessionStore.swift in Sources */ = {isa = PBXBuildFile; fileRef = A1000002004 /* FastingSessionStore.swift */; };
		A1000001005 /* FastingStage.swift in Sources */ = {isa = PBXBuildFile; fileRef = A1000002005 /* FastingStage.swift */; };
		A1000001006 /* FastingStages.swift in Sources */ = {isa = PBXBuildFile; fileRef = A1000002006 /* FastingStages.swift */; };
		A1000001007 /* FastingProgress.swift in Sources */ = {isa = PBXBuildFile; fileRef = A1000002007 /* FastingProgress.swift */; };
		A1000001008 /* TimeFormat.swift in Sources */ = {isa = PBXBuildFile; fileRef = A1000002008 /* TimeFormat.swift */; };
		A1000001009 /* GlassCard.swift in Sources */ = {isa = PBXBuildFile; fileRef = A1000002009 /* GlassCard.swift */; };
		A1000001010 /* GlassPillButtonStyle.swift in Sources */ = {isa = PBXBuildFile; fileRef = A1000002010 /* GlassPillButtonStyle.swift */; };
		A1000001011 /* BackgroundGradient.swift in Sources */ = {isa = PBXBuildFile; fileRef = A1000002011 /* BackgroundGradient.swift */; };
		A1000001012 /* ProgressRing.swift in Sources */ = {isa = PBXBuildFile; fileRef = A1000002012 /* ProgressRing.swift */; };
		A1000001013 /* Assets.xcassets in Resources */ = {isa = PBXBuildFile; fileRef = A1000002013 /* Assets.xcassets */; };
		A1000001014 /* AppColors.swift in Sources */ = {isa = PBXBuildFile; fileRef = A1000002015 /* AppColors.swift */; };
		A1000001015 /* CustomDurationPicker.swift in Sources */ = {isa = PBXBuildFile; fileRef = A1000002016 /* CustomDurationPicker.swift */; };
		A1000001016 /* FastingHistory.swift in Sources */ = {isa = PBXBuildFile; fileRef = A1000002017 /* FastingHistory.swift */; };
		A1000001017 /* HistoryView.swift in Sources */ = {isa = PBXBuildFile; fileRef = A1000002018 /* HistoryView.swift */; };
/* End PBXBuildFile section */

/* Begin PBXFileReference section */
		A1000002001 /* FastingTimerProApp.swift */ = {isa = PBXFileReference; lastKnownFileType = sourcecode.swift; path = FastingTimerProApp.swift; sourceTree = "<group>"; };
		A1000002002 /* DashboardView.swift */ = {isa = PBXFileReference; lastKnownFileType = sourcecode.swift; path = DashboardView.swift; sourceTree = "<group>"; };
		A1000002003 /* FastingSession.swift */ = {isa = PBXFileReference; lastKnownFileType = sourcecode.swift; path = FastingSession.swift; sourceTree = "<group>"; };
		A1000002004 /* FastingSessionStore.swift */ = {isa = PBXFileReference; lastKnownFileType = sourcecode.swift; path = FastingSessionStore.swift; sourceTree = "<group>"; };
		A1000002005 /* FastingStage.swift */ = {isa = PBXFileReference; lastKnownFileType = sourcecode.swift; path = FastingStage.swift; sourceTree = "<group>"; };
		A1000002006 /* FastingStages.swift */ = {isa = PBXFileReference; lastKnownFileType = sourcecode.swift; path = FastingStages.swift; sourceTree = "<group>"; };
		A1000002007 /* FastingProgress.swift */ = {isa = PBXFileReference; lastKnownFileType = sourcecode.swift; path = FastingProgress.swift; sourceTree = "<group>"; };
		A1000002008 /* TimeFormat.swift */ = {isa = PBXFileReference; lastKnownFileType = sourcecode.swift; path = TimeFormat.swift; sourceTree = "<group>"; };
		A1000002009 /* GlassCard.swift */ = {isa = PBXFileReference; lastKnownFileType = sourcecode.swift; path = GlassCard.swift; sourceTree = "<group>"; };
		A1000002010 /* GlassPillButtonStyle.swift */ = {isa = PBXFileReference; lastKnownFileType = sourcecode.swift; path = GlassPillButtonStyle.swift; sourceTree = "<group>"; };
		A1000002011 /* BackgroundGradient.swift */ = {isa = PBXFileReference; lastKnownFileType = sourcecode.swift; path = BackgroundGradient.swift; sourceTree = "<group>"; };
		A1000002012 /* ProgressRing.swift */ = {isa = PBXFileReference; lastKnownFileType = sourcecode.swift; path = ProgressRing.swift; sourceTree = "<group>"; };
		A1000002013 /* Assets.xcassets */ = {isa = PBXFileReference; lastKnownFileType = folder.assetcatalog; path = Assets.xcassets; sourceTree = "<group>"; };
		A1000002014 /* Info.plist */ = {isa = PBXFileReference; lastKnownFileType = text.plist.xml; path = Info.plist; sourceTree = "<group>"; };
		A1000002015 /* AppColors.swift */ = {isa = PBXFileReference; lastKnownFileType = sourcecode.swift; path = AppColors.swift; sourceTree = "<group>"; };
		A1000002016 /* CustomDurationPicker.swift */ = {isa = PBXFileReference; lastKnownFileType = sourcecode.swift; path = CustomDurationPicker.swift; sourceTree = "<group>"; };
		A1000002017 /* FastingHistory.swift */ = {isa = PBXFileReference; lastKnownFileType = sourcecode.swift; path = FastingHistory.swift; sourceTree = "<group>"; };
		A1000002018 /* HistoryView.swift */ = {isa = PBXFileReference; lastKnownFileType = sourcecode.swift; path = HistoryView.swift; sourceTree = "<group>"; };
		A1000003001 /* FastingTimerPro.app */ = {isa = PBXFileReference; explicitFileType = wrapper.application; includeInIndex = 0; path = FastingTimerPro.app; sourceTree = BUILT_PRODUCTS_DIR; };
/* End PBXFileReference section */

/* Begin PBXFrameworksBuildPhase section */
		A1000004001 /* Frameworks */ = {
			isa = PBXFrameworksBuildPhase;
			buildActionMask = 2147483647;
			files = (
			);
			runOnlyForDeploymentPostprocessing = 0;
		};
/* End PBXFrameworksBuildPhase section */

/* Begin PBXGroup section */
		A1000005001 = {
			isa = PBXGroup;
			children = (
				A1000005002 /* FastingTimerPro */,
				A1000005003 /* Products */,
			);
			sourceTree = "<group>";
		};
		A1000005002 /* FastingTimerPro */ = {
			isa = PBXGroup;
			children = (
				A1000005004 /* Sources */,
				A1000002013 /* Assets.xcassets */,
				A1000002014 /* Info.plist */,
			);
			path = FastingTimerPro;
			sourceTree = "<group>";
		};
		A1000005003 /* Products */ = {
			isa = PBXGroup;
			children = (
				A1000003001 /* FastingTimerPro.app */,
			);
			name = Products;
			sourceTree = "<group>";
		};
		A1000005004 /* Sources */ = {
			isa = PBXGroup;
			children = (
				A1000002001 /* FastingTimerProApp.swift */,
				A1000002002 /* DashboardView.swift */,
				A1000002003 /* FastingSession.swift */,
				A1000002004 /* FastingSessionStore.swift */,
				A1000002005 /* FastingStage.swift */,
				A1000002006 /* FastingStages.swift */,
				A1000002007 /* FastingProgress.swift */,
				A1000002008 /* TimeFormat.swift */,
				A1000002009 /* GlassCard.swift */,
				A1000002010 /* GlassPillButtonStyle.swift */,
				A1000002011 /* BackgroundGradient.swift */,
				A1000002012 /* ProgressRing.swift */,
				A1000002015 /* AppColors.swift */,
				A1000002016 /* CustomDurationPicker.swift */,
				A1000002017 /* FastingHistory.swift */,
				A1000002018 /* HistoryView.swift */,
			);
			path = Sources;
			sourceTree = "<group>";
		};
/* End PBXGroup section */

/* Begin PBXNativeTarget section */
		A1000006001 /* FastingTimerPro */ = {
			isa = PBXNativeTarget;
			buildConfigurationList = A1000007001 /* Build configuration list for PBXNativeTarget "FastingTimerPro" */;
			buildPhases = (
				A1000008001 /* Sources */,
				A1000004001 /* Frameworks */,
				A1000009001 /* Resources */,
			);
			buildRules = (
			);
			dependencies = (
			);
			name = FastingTimerPro;
			productName = FastingTimerPro;
			productReference = A1000003001 /* FastingTimerPro.app */;
			productType = "com.apple.product-type.application";
		};
/* End PBXNativeTarget section */

/* Begin PBXProject section */
		A100000A001 /* Project object */ = {
			isa = PBXProject;
			attributes = {
				BuildIndependentTargetsInParallel = 1;
				LastSwiftUpdateCheck = 1500;
				LastUpgradeCheck = 2620;
				TargetAttributes = {
					A1000006001 = {
						CreatedOnToolsVersion = 15.0;
					};
				};
			};
			buildConfigurationList = A100000B001 /* Build configuration list for PBXProject "FastingTimerPro" */;
			compatibilityVersion = "Xcode 14.0";
			developmentRegion = en;
			hasScannedForEncodings = 0;
			knownRegions = (
				en,
				Base,
			);
			mainGroup = A1000005001;
			productRefGroup = A1000005003 /* Products */;
			projectDirPath = "";
			projectRoot = "";
			targets = (
				A1000006001 /* FastingTimerPro */,
			);
		};
/* End PBXProject section */

/* Begin PBXResourcesBuildPhase section */
		A1000009001 /* Resources */ = {
			isa = PBXResourcesBuildPhase;
			buildActionMask = 2147483647;
			files = (
				A1000001013 /* Assets.xcassets in Resources */,
			);
			runOnlyForDeploymentPostprocessing = 0;
		};
/* End PBXResourcesBuildPhase section */

/* Begin PBXSourcesBuildPhase section */
		A1000008001 /* Sources */ = {
			isa = PBXSourcesBuildPhase;
			buildActionMask = 2147483647;
			files = (
				A1000001001 /* FastingTimerProApp.swift in Sources */,
				A1000001002 /* DashboardView.swift in Sources */,
				A1000001003 /* FastingSession.swift in Sources */,
				A1000001004 /* FastingSessionStore.swift in Sources */,
				A1000001005 /* FastingStage.swift in Sources */,
				A1000001006 /* FastingStages.swift in Sources */,
				A1000001007 /* FastingProgress.swift in Sources */,
				A1000001008 /* TimeFormat.swift in Sources */,
				A1000001009 /* GlassCard.swift in Sources */,
				A1000001010 /* GlassPillButtonStyle.swift in Sources */,
				A1000001011 /* BackgroundGradient.swift in Sources */,
				A1000001012 /* ProgressRing.swift in Sources */,
				A1000001014 /* AppColors.swift in Sources */,
				A1000001015 /* CustomDurationPicker.swift in Sources */,
				A1000001016 /* FastingHistory.swift in Sources */,
				A1000001017 /* HistoryView.swift in Sources */,
			);
			runOnlyForDeploymentPostprocessing = 0;
		};
/* End PBXSourcesBuildPhase section */

/* Begin XCBuildConfiguration section */
		A100000C001 /* Debug */ = {
			isa = XCBuildConfiguration;
			buildSettings = {
				ALWAYS_SEARCH_USER_PATHS = NO;
				ASSETCATALOG_COMPILER_GENERATE_SWIFT_ASSET_SYMBOL_EXTENSIONS = YES;
				CLANG_ANALYZER_NONNULL = YES;
				CLANG_ANALYZER_NUMBER_OBJECT_CONVERSION = YES_AGGRESSIVE;
				CLANG_CXX_LANGUAGE_STANDARD = "gnu++20";
				CLANG_ENABLE_MODULES = YES;
				CLANG_ENABLE_OBJC_ARC = YES;
				CLANG_ENABLE_OBJC_WEAK = YES;
				CLANG_WARN_BLOCK_CAPTURE_AUTORELEASING = YES;
				CLANG_WARN_BOOL_CONVERSION = YES;
				CLANG_WARN_COMMA = YES;
				CLANG_WARN_CONSTANT_CONVERSION = YES;
				CLANG_WARN_DEPRECATED_OBJC_IMPLEMENTATIONS = YES;
				CLANG_WARN_DIRECT_OBJC_ISA_USAGE = YES_ERROR;
				CLANG_WARN_DOCUMENTATION_COMMENTS = YES;
				CLANG_WARN_EMPTY_BODY = YES;
				CLANG_WARN_ENUM_CONVERSION = YES;
				CLANG_WARN_INFINITE_RECURSION = YES;
				CLANG_WARN_INT_CONVERSION = YES;
				CLANG_WARN_NON_LITERAL_NULL_CONVERSION = YES;
				CLANG_WARN_OBJC_IMPLICIT_RETAIN_SELF = YES;
				CLANG_WARN_OBJC_LITERAL_CONVERSION = YES;
				CLANG_WARN_OBJC_ROOT_CLASS = YES_ERROR;
				CLANG_WARN_QUOTED_INCLUDE_IN_FRAMEWORK_HEADER = YES;
				CLANG_WARN_RANGE_LOOP_ANALYSIS = YES;
				CLANG_WARN_STRICT_PROTOTYPES = YES;
				CLANG_WARN_SUSPICIOUS_MOVE = YES;
				CLANG_WARN_UNGUARDED_AVAILABILITY = YES_AGGRESSIVE;
				CLANG_WARN_UNREACHABLE_CODE = YES;
				CLANG_WARN__DUPLICATE_METHOD_MATCH = YES;
				COPY_PHASE_STRIP = NO;
				DEBUG_INFORMATION_FORMAT = dwarf;
				ENABLE_STRICT_OBJC_MSGSEND = YES;
				ENABLE_TESTABILITY = YES;
				ENABLE_USER_SCRIPT_SANDBOXING = YES;
				GCC_C_LANGUAGE_STANDARD = gnu17;
				GCC_DYNAMIC_NO_PIC = NO;
				GCC_NO_COMMON_BLOCKS = YES;
				GCC_OPTIMIZATION_LEVEL = 0;
				GCC_PREPROCESSOR_DEFINITIONS = (
					"DEBUG=1",
					"$(inherited)",
				);
				GCC_WARN_64_TO_32_BIT_CONVERSION = YES;
				GCC_WARN_ABOUT_RETURN_TYPE = YES_ERROR;
				GCC_WARN_UNDECLARED_SELECTOR = YES;
				GCC_WARN_UNINITIALIZED_AUTOS = YES_AGGRESSIVE;
				GCC_WARN_UNUSED_FUNCTION = YES;
				GCC_WARN_UNUSED_VARIABLE = YES;
				IPHONEOS_DEPLOYMENT_TARGET = 17.0;
				LOCALIZATION_PREFERS_STRING_CATALOGS = YES;
				MTL_ENABLE_DEBUG_INFO = INCLUDE_SOURCE;
				MTL_FAST_MATH = YES;
				ONLY_ACTIVE_ARCH = YES;
				SDKROOT = iphoneos;
				STRING_CATALOG_GENERATE_SYMBOLS = YES;
				SWIFT_ACTIVE_COMPILATION_CONDITIONS = "DEBUG $(inherited)";
				SWIFT_OPTIMIZATION_LEVEL = "-Onone";
			};
			name = Debug;
		};
		A100000C002 /* Release */ = {
			isa = XCBuildConfiguration;
			buildSettings = {
				ALWAYS_SEARCH_USER_PATHS = NO;
				ASSETCATALOG_COMPILER_GENERATE_SWIFT_ASSET_SYMBOL_EXTENSIONS = YES;
				CLANG_ANALYZER_NONNULL = YES;
				CLANG_ANALYZER_NUMBER_OBJECT_CONVERSION = YES_AGGRESSIVE;
				CLANG_CXX_LANGUAGE_STANDARD = "gnu++20";
				CLANG_ENABLE_MODULES = YES;
				CLANG_ENABLE_OBJC_ARC = YES;
				CLANG_ENABLE_OBJC_WEAK = YES;
				CLANG_WARN_BLOCK_CAPTURE_AUTORELEASING = YES;
				CLANG_WARN_BOOL_CONVERSION = YES;
				CLANG_WARN_COMMA = YES;
				CLANG_WARN_CONSTANT_CONVERSION = YES;
				CLANG_WARN_DEPRECATED_OBJC_IMPLEMENTATIONS = YES;
				CLANG_WARN_DIRECT_OBJC_ISA_USAGE = YES_ERROR;
				CLANG_WARN_DOCUMENTATION_COMMENTS = YES;
				CLANG_WARN_EMPTY_BODY = YES;
				CLANG_WARN_ENUM_CONVERSION = YES;
				CLANG_WARN_INFINITE_RECURSION = YES;
				CLANG_WARN_INT_CONVERSION = YES;
				CLANG_WARN_NON_LITERAL_NULL_CONVERSION = YES;
				CLANG_WARN_OBJC_IMPLICIT_RETAIN_SELF = YES;
				CLANG_WARN_OBJC_LITERAL_CONVERSION = YES;
				CLANG_WARN_OBJC_ROOT_CLASS = YES_ERROR;
				CLANG_WARN_QUOTED_INCLUDE_IN_FRAMEWORK_HEADER = YES;
				CLANG_WARN_RANGE_LOOP_ANALYSIS = YES;
				CLANG_WARN_STRICT_PROTOTYPES = YES;
				CLANG_WARN_SUSPICIOUS_MOVE = YES;
				CLANG_WARN_UNGUARDED_AVAILABILITY = YES_AGGRESSIVE;
				CLANG_WARN_UNREACHABLE_CODE = YES;
				CLANG_WARN__DUPLICATE_METHOD_MATCH = YES;
				COPY_PHASE_STRIP = NO;
				DEBUG_INFORMATION_FORMAT = "dwarf-with-dsym";
				ENABLE_NS_ASSERTIONS = NO;
				ENABLE_STRICT_OBJC_MSGSEND = YES;
				ENABLE_USER_SCRIPT_SANDBOXING = YES;
				GCC_C_LANGUAGE_STANDARD = gnu17;
				GCC_NO_COMMON_BLOCKS = YES;
				GCC_WARN_64_TO_32_BIT_CONVERSION = YES;
				GCC_WARN_ABOUT_RETURN_TYPE = YES_ERROR;
				GCC_WARN_UNDECLARED_SELECTOR = YES;
				GCC_WARN_UNINITIALIZED_AUTOS = YES_AGGRESSIVE;
				GCC_WARN_UNUSED_FUNCTION = YES;
				GCC_WARN_UNUSED_VARIABLE = YES;
				IPHONEOS_DEPLOYMENT_TARGET = 17.0;
				LOCALIZATION_PREFERS_STRING_CATALOGS = YES;
				MTL_ENABLE_DEBUG_INFO = NO;
				MTL_FAST_MATH = YES;
				SDKROOT = iphoneos;
				STRING_CATALOG_GENERATE_SYMBOLS = YES;
				SWIFT_COMPILATION_MODE = wholemodule;
				VALIDATE_PRODUCT = YES;
			};
			name = Release;
		};
		A100000D001 /* Debug */ = {
			isa = XCBuildConfiguration;
			buildSettings = {
				ASSETCATALOG_COMPILER_APPICON_NAME = AppIcon;
				ASSETCATALOG_COMPILER_GLOBAL_ACCENT_COLOR_NAME = AccentColor;
				ASSETCATALOG_COMPILER_INCLUDE_ALL_APPICON_ASSETS = YES;
				CODE_SIGN_STYLE = Automatic;
				CURRENT_PROJECT_VERSION = 1;
				DEVELOPMENT_TEAM = 34RHCZW8TM;
				ENABLE_PREVIEWS = YES;
				GENERATE_INFOPLIST_FILE = YES;
				INFOPLIST_FILE = FastingTimerPro/Info.plist;
				INFOPLIST_KEY_LSApplicationCategoryType = "public.app-category.lifestyle";
				INFOPLIST_KEY_UIApplicationSupportsIndirectInputEvents = YES;
				INFOPLIST_KEY_UIRequiredDeviceCapabilities = armv7;
				INFOPLIST_KEY_UISupportedInterfaceOrientations = UIInterfaceOrientationPortrait;
				LD_RUNPATH_SEARCH_PATHS = (
					"$(inherited)",
					"@executable_path/Frameworks",
				);
				MARKETING_VERSION = 1.0;
				PRODUCT_BUNDLE_IDENTIFIER = com.fastintimervippro;
				PRODUCT_NAME = "$(TARGET_NAME)";
				SUPPORTED_PLATFORMS = "iphoneos iphonesimulator";
				SUPPORTS_MACCATALYST = NO;
				SUPPORTS_MAC_DESIGNED_FOR_IPHONE_IPAD = NO;
				SUPPORTS_XR_DESIGNED_FOR_IPHONE_IPAD = NO;
				SWIFT_EMIT_LOC_STRINGS = YES;
				SWIFT_VERSION = 5.0;
				TARGETED_DEVICE_FAMILY = "1,2";
			};
			name = Debug;
		};
		A100000D002 /* Release */ = {
			isa = XCBuildConfiguration;
			buildSettings = {
				ASSETCATALOG_COMPILER_APPICON_NAME = AppIcon;
				ASSETCATALOG_COMPILER_GLOBAL_ACCENT_COLOR_NAME = AccentColor;
				ASSETCATALOG_COMPILER_INCLUDE_ALL_APPICON_ASSETS = YES;
				CODE_SIGN_STYLE = Automatic;
				CURRENT_PROJECT_VERSION = 1;
				DEVELOPMENT_TEAM = 34RHCZW8TM;
				ENABLE_PREVIEWS = YES;
				GENERATE_INFOPLIST_FILE = YES;
				INFOPLIST_FILE = FastingTimerPro/Info.plist;
				INFOPLIST_KEY_LSApplicationCategoryType = "public.app-category.lifestyle";
				INFOPLIST_KEY_UIApplicationSupportsIndirectInputEvents = YES;
				INFOPLIST_KEY_UIRequiredDeviceCapabilities = armv7;
				INFOPLIST_KEY_UISupportedInterfaceOrientations = UIInterfaceOrientationPortrait;
				LD_RUNPATH_SEARCH_PATHS = (
					"$(inherited)",
					"@executable_path/Frameworks",
				);
				MARKETING_VERSION = 1.0;
				PRODUCT_BUNDLE_IDENTIFIER = com.fastintimervippro;
				PRODUCT_NAME = "$(TARGET_NAME)";
				SUPPORTED_PLATFORMS = "iphoneos iphonesimulator";
				SUPPORTS_MACCATALYST = NO;
				SUPPORTS_MAC_DESIGNED_FOR_IPHONE_IPAD = NO;
				SUPPORTS_XR_DESIGNED_FOR_IPHONE_IPAD = NO;
				SWIFT_EMIT_LOC_STRINGS = YES;
				SWIFT_VERSION = 5.0;
				TARGETED_DEVICE_FAMILY = "1,2";
			};
			name = Release;
		};
/* End XCBuildConfiguration section */

/* Begin XCConfigurationList section */
		A1000007001 /* Build configuration list for PBXNativeTarget "FastingTimerPro" */ = {
			isa = XCConfigurationList;
			buildConfigurations = (
				A100000D001 /* Debug */,
				A100000D002 /* Release */,
			);
			defaultConfigurationIsVisible = 0;
			defaultConfigurationName = Release;
		};
		A100000B001 /* Build configuration list for PBXProject "FastingTimerPro" */ = {
			isa = XCConfigurationList;
			buildConfigurations = (
				A100000C001 /* Debug */,
				A100000C002 /* Release */,
			);
			defaultConfigurationIsVisible = 0;
			defaultConfigurationName = Release;
		};
/* End XCConfigurationList section */
	};
	rootObject = A100000A001 /* Project object */;
}
